
Microsoft Visual Studio Solution File, Format Version 12.00
# Visual Studio Version 16
VisualStudioVersion = 16.0.31019.35
MinimumVisualStudioVersion = 10.0.40219.1
Project("{8BC9CEB8-8B4A-11D0-8D11-00A0C91BC942}") = "LancanaLista", "LancanaLista\LancanaLista.vcxproj", "{653FB832-6D90-42DC-9C71-913EB1A0806F}"
EndProject
Project("{8BC9CEB8-8B4A-11D0-8D11-00A0C91BC942}") = "DvostrukoLancanaLista", "DvostrukoLancanaLista\DvostrukoLancanaLista.vcxproj", "{72BD29CD-725A-4ED2-9860-AB9C7C004886}"
EndProject
Global
	GlobalSection(SolutionConfigurationPlatforms) = preSolution
		Debug|x64 = Debug|x64
		Debug|x86 = Debug|x86
		Release|x64 = Release|x64
		Release|x86 = Release|x86
	EndGlobalSection
	GlobalSection(ProjectConfigurationPlatforms) = postSolution
		{653FB832-6D90-42DC-9C71-913EB1A0806F}.Debug|x64.ActiveCfg = Debug|x64
		{653FB832-6D90-42DC-9C71-913EB1A0806F}.Debug|x64.Build.0 = Debug|x64
		{653FB832-6D90-42DC-9C71-913EB1A0806F}.Debug|x86.ActiveCfg = Debug|Win32
		{653FB832-6D90-42DC-9C71-913EB1A0806F}.Debug|x86.Build.0 = Debug|Win32
		{653FB832-6D90-42DC-9C71-913EB1A0806F}.Release|x64.ActiveCfg = Release|x64
		{653FB832-6D90-42DC-9C71-913EB1A0806F}.Release|x64.Build.0 = Release|x64
		{653FB832-6D90-42DC-9C71-913EB1A0806F}.Release|x86.ActiveCfg = Release|Win32
		{653FB832-6D90-42DC-9C71-913EB1A0806F}.Release|x86.Build.0 = Release|Win32
		{72BD29CD-725A-4ED2-9860-AB9C7C004886}.Debug|x64.ActiveCfg = Debug|x64
		{72BD29CD-725A-4ED2-9860-AB9C7C004886}.Debug|x64.Build.0 = Debug|x64
		{72BD29CD-725A-4ED2-9860-AB9C7C004886}.Debug|x86.ActiveCfg = Debug|Win32
		{72BD29CD-725A-4ED2-9860-AB9C7C004886}.Debug|x86.Build.0 = Debug|Win32
		{72BD29CD-725A-4ED2-9860-AB9C7C004886}.Release|x64.ActiveCfg = Release|x64
		{72BD29CD-725A-4ED2-9860-AB9C7C004886}.Release|x64.Build.0 = Release|x64
		{72BD29CD-725A-4ED2-9860-AB9C7C004886}.Release|x86.ActiveCfg = Release|Win32
		{72BD29CD-725A-4ED2-9860-AB9C7C004886}.Release|x86.Build.0 = Release|Win32
	EndGlobalSection
	GlobalSection(SolutionProperties) = preSolution
		HideSolutionNode = FALSE
	EndGlobalSection
	GlobalSection(ExtensibilityGlobals) = postSolution
		SolutionGuid = {05DFEBD7-4BE7-45B7-AB04-70DC349A2A53}
	EndGlobalSection
EndGlobal
