
Microsoft Visual Studio Solution File, Format Version 12.00
# Visual Studio Version 16
VisualStudioVersion = 16.0.31019.35
MinimumVisualStudioVersion = 10.0.40219.1
Project("{8BC9CEB8-8B4A-11D0-8D11-00A0C91BC942}") = "Stack", "Stack\Stack.vcxproj", "{F5B5E2F1-3A59-4125-B851-A82857D3F6ED}"
EndProject
Project("{8BC9CEB8-8B4A-11D0-8D11-00A0C91BC942}") = "StackArray", "StackArray\StackArray.vcxproj", "{4CD26205-B439-4607-B0E8-CA960F200930}"
EndProject
Project("{8BC9CEB8-8B4A-11D0-8D11-00A0C91BC942}") = "StackVector", "StackVector\StackVector.vcxproj", "{80DC3B0D-6F8B-403E-9157-E60A0EFFF0EE}"
EndProject
Project("{8BC9CEB8-8B4A-11D0-8D11-00A0C91BC942}") = "StackLinkedList", "StackLinkedList\StackLinkedList.vcxproj", "{5050F90D-E392-4BA7-9A09-D452C4703ABA}"
EndProject
Global
	GlobalSection(SolutionConfigurationPlatforms) = preSolution
		Debug|x64 = Debug|x64
		Debug|x86 = Debug|x86
		Release|x64 = Release|x64
		Release|x86 = Release|x86
	EndGlobalSection
	GlobalSection(ProjectConfigurationPlatforms) = postSolution
		{F5B5E2F1-3A59-4125-B851-A82857D3F6ED}.Debug|x64.ActiveCfg = Debug|x64
		{F5B5E2F1-3A59-4125-B851-A82857D3F6ED}.Debug|x64.Build.0 = Debug|x64
		{F5B5E2F1-3A59-4125-B851-A82857D3F6ED}.Debug|x86.ActiveCfg = Debug|Win32
		{F5B5E2F1-3A59-4125-B851-A82857D3F6ED}.Debug|x86.Build.0 = Debug|Win32
		{F5B5E2F1-3A59-4125-B851-A82857D3F6ED}.Release|x64.ActiveCfg = Release|x64
		{F5B5E2F1-3A59-4125-B851-A82857D3F6ED}.Release|x64.Build.0 = Release|x64
		{F5B5E2F1-3A59-4125-B851-A82857D3F6ED}.Release|x86.ActiveCfg = Release|Win32
		{F5B5E2F1-3A59-4125-B851-A82857D3F6ED}.Release|x86.Build.0 = Release|Win32
		{4CD26205-B439-4607-B0E8-CA960F200930}.Debug|x64.ActiveCfg = Debug|x64
		{4CD26205-B439-4607-B0E8-CA960F200930}.Debug|x64.Build.0 = Debug|x64
		{4CD26205-B439-4607-B0E8-CA960F200930}.Debug|x86.ActiveCfg = Debug|Win32
		{4CD26205-B439-4607-B0E8-CA960F200930}.Debug|x86.Build.0 = Debug|Win32
		{4CD26205-B439-4607-B0E8-CA960F200930}.Release|x64.ActiveCfg = Release|x64
		{4CD26205-B439-4607-B0E8-CA960F200930}.Release|x64.Build.0 = Release|x64
		{4CD26205-B439-4607-B0E8-CA960F200930}.Release|x86.ActiveCfg = Release|Win32
		{4CD26205-B439-4607-B0E8-CA960F200930}.Release|x86.Build.0 = Release|Win32
		{80DC3B0D-6F8B-403E-9157-E60A0EFFF0EE}.Debug|x64.ActiveCfg = Debug|x64
		{80DC3B0D-6F8B-403E-9157-E60A0EFFF0EE}.Debug|x64.Build.0 = Debug|x64
		{80DC3B0D-6F8B-403E-9157-E60A0EFFF0EE}.Debug|x86.ActiveCfg = Debug|Win32
		{80DC3B0D-6F8B-403E-9157-E60A0EFFF0EE}.Debug|x86.Build.0 = Debug|Win32
		{80DC3B0D-6F8B-403E-9157-E60A0EFFF0EE}.Release|x64.ActiveCfg = Release|x64
		{80DC3B0D-6F8B-403E-9157-E60A0EFFF0EE}.Release|x64.Build.0 = Release|x64
		{80DC3B0D-6F8B-403E-9157-E60A0EFFF0EE}.Release|x86.ActiveCfg = Release|Win32
		{80DC3B0D-6F8B-403E-9157-E60A0EFFF0EE}.Release|x86.Build.0 = Release|Win32
		{5050F90D-E392-4BA7-9A09-D452C4703ABA}.Debug|x64.ActiveCfg = Debug|x64
		{5050F90D-E392-4BA7-9A09-D452C4703ABA}.Debug|x64.Build.0 = Debug|x64
		{5050F90D-E392-4BA7-9A09-D452C4703ABA}.Debug|x86.ActiveCfg = Debug|Win32
		{5050F90D-E392-4BA7-9A09-D452C4703ABA}.Debug|x86.Build.0 = Debug|Win32
		{5050F90D-E392-4BA7-9A09-D452C4703ABA}.Release|x64.ActiveCfg = Release|x64
		{5050F90D-E392-4BA7-9A09-D452C4703ABA}.Release|x64.Build.0 = Release|x64
		{5050F90D-E392-4BA7-9A09-D452C4703ABA}.Release|x86.ActiveCfg = Release|Win32
		{5050F90D-E392-4BA7-9A09-D452C4703ABA}.Release|x86.Build.0 = Release|Win32
	EndGlobalSection
	GlobalSection(SolutionProperties) = preSolution
		HideSolutionNode = FALSE
	EndGlobalSection
	GlobalSection(ExtensibilityGlobals) = postSolution
		SolutionGuid = {CC37F463-5821-4215-8D39-CB244BA25F3F}
	EndGlobalSection
EndGlobal
